// !$*UTF8*$!
{
	archiveVersion = 1;
	classes = {
	};
	objectVersion = 51;
	objects = {

/* Begin PBXBuildFile section */
		102EF4C3E448C56051ADCE3B /* Pods_Fastcampus.framework in Frameworks */ = {isa = PBXBuildFile; fileRef = 8CB106B0C03588AC2F402DA2 /* Pods_Fastcampus.framework */; };
		314E84E224BC8A7400A6D492 /* Study.swift in Sources */ = {isa = PBXBuildFile; fileRef = 314E84E124BC8A7400A6D492 /* Study.swift */; };
		314E84E824BCA03A00A6D492 /* WaitingStudyVC.swift in Sources */ = {isa = PBXBuildFile; fileRef = 314E84E724BCA03A00A6D492 /* WaitingStudyVC.swift */; };
		314E84EA24BCA07800A6D492 /* WaitingView.swift in Sources */ = {isa = PBXBuildFile; fileRef = 314E84E924BCA07800A6D492 /* WaitingView.swift */; };
		314E84EC24BCA1FD00A6D492 /* TimerView.swift in Sources */ = {isa = PBXBuildFile; fileRef = 314E84EB24BCA1FD00A6D492 /* TimerView.swift */; };
		314E84EE24BCA29600A6D492 /* StudyFrameView.swift in Sources */ = {isa = PBXBuildFile; fileRef = 314E84ED24BCA29600A6D492 /* StudyFrameView.swift */; };
		314E84F824BCBC9A00A6D492 /* WaitingStudyContentView.swift in Sources */ = {isa = PBXBuildFile; fileRef = 314E84F724BCBC9A00A6D492 /* WaitingStudyContentView.swift */; };
		314E84FA24BCD24A00A6D492 /* InProcessStudyVC.swift in Sources */ = {isa = PBXBuildFile; fileRef = 314E84F924BCD24A00A6D492 /* InProcessStudyVC.swift */; };
		314E84FE24BCD2DA00A6D492 /* InProcessView.swift in Sources */ = {isa = PBXBuildFile; fileRef = 314E84FD24BCD2DA00A6D492 /* InProcessView.swift */; };
		314E850024BCD3BE00A6D492 /* StudyPlayerView.swift in Sources */ = {isa = PBXBuildFile; fileRef = 314E84FF24BCD3BE00A6D492 /* StudyPlayerView.swift */; };
		314E850224BCD69500A6D492 /* PlayerInformationView.swift in Sources */ = {isa = PBXBuildFile; fileRef = 314E850124BCD69500A6D492 /* PlayerInformationView.swift */; };
		314E850424BCD7A600A6D492 /* PlayerProgressView.swift in Sources */ = {isa = PBXBuildFile; fileRef = 314E850324BCD7A600A6D492 /* PlayerProgressView.swift */; };
		314E850624BCD8EE00A6D492 /* DoubleExtension.swift in Sources */ = {isa = PBXBuildFile; fileRef = 314E850524BCD8EE00A6D492 /* DoubleExtension.swift */; };
		316C502E24BE129500D7F59A /* test.mov in Resources */ = {isa = PBXBuildFile; fileRef = 316C502D24BE129500D7F59A /* test.mov */; };
		316C502F24BE169300D7F59A /* SODA_1594647376.MP4 in Resources */ = {isa = PBXBuildFile; fileRef = 316C502C24BE124000D7F59A /* SODA_1594647376.MP4 */; };
		4F5329C524BC0D4D00CB5181 /* GoogleService-Info.plist in Resources */ = {isa = PBXBuildFile; fileRef = 4F5329C424BC0D4D00CB5181 /* GoogleService-Info.plist */; };
		4F8838FA24BEB0A7009EF09A /* StudyConfigureVC.swift in Sources */ = {isa = PBXBuildFile; fileRef = 4F8838F924BEB0A7009EF09A /* StudyConfigureVC.swift */; };
		4F8838FC24BEB0DB009EF09A /* StudyConfigureView.swift in Sources */ = {isa = PBXBuildFile; fileRef = 4F8838FB24BEB0DB009EF09A /* StudyConfigureView.swift */; };
		4FB756D124BBFE5E0035BD5B /* AppDelegate.swift in Sources */ = {isa = PBXBuildFile; fileRef = 4FB756D024BBFE5E0035BD5B /* AppDelegate.swift */; };
		4FB756D524BBFE5E0035BD5B /* MainVC.swift in Sources */ = {isa = PBXBuildFile; fileRef = 4FB756D424BBFE5E0035BD5B /* MainVC.swift */; };
		4FB756DA24BBFE5E0035BD5B /* Assets.xcassets in Resources */ = {isa = PBXBuildFile; fileRef = 4FB756D924BBFE5E0035BD5B /* Assets.xcassets */; };
		4FB756DD24BBFE5E0035BD5B /* LaunchScreen.storyboard in Resources */ = {isa = PBXBuildFile; fileRef = 4FB756DB24BBFE5E0035BD5B /* LaunchScreen.storyboard */; };
		CF29217624BC053B001318CB /* ViewController.swift in Sources */ = {isa = PBXBuildFile; fileRef = CF29217524BC053B001318CB /* ViewController.swift */; };
		CF29217824BC056C001318CB /* View.swift in Sources */ = {isa = PBXBuildFile; fileRef = CF29217724BC056C001318CB /* View.swift */; };
		CF29217A24BC05C7001318CB /* SampleView.swift in Sources */ = {isa = PBXBuildFile; fileRef = CF29217924BC05C7001318CB /* SampleView.swift */; };
		CFE3C9A724BC6482009E8E2F /* MainCell.swift in Sources */ = {isa = PBXBuildFile; fileRef = CFE3C9A624BC6482009E8E2F /* MainCell.swift */; };
		CFE3C9A924BC6603009E8E2F /* Lecture.swift in Sources */ = {isa = PBXBuildFile; fileRef = CFE3C9A824BC6603009E8E2F /* Lecture.swift */; };
		CFE3C9AB24BC660E009E8E2F /* User.swift in Sources */ = {isa = PBXBuildFile; fileRef = CFE3C9AA24BC660E009E8E2F /* User.swift */; };
		CFE3C9AD24BC6CAF009E8E2F /* SampleVC.swift in Sources */ = {isa = PBXBuildFile; fileRef = CFE3C9AC24BC6CAF009E8E2F /* SampleVC.swift */; };
/* End PBXBuildFile section */

/* Begin PBXFileReference section */
		314E84E124BC8A7400A6D492 /* Study.swift */ = {isa = PBXFileReference; lastKnownFileType = sourcecode.swift; path = Study.swift; sourceTree = "<group>"; };
		314E84E724BCA03A00A6D492 /* WaitingStudyVC.swift */ = {isa = PBXFileReference; lastKnownFileType = sourcecode.swift; path = WaitingStudyVC.swift; sourceTree = "<group>"; };
		314E84E924BCA07800A6D492 /* WaitingView.swift */ = {isa = PBXFileReference; lastKnownFileType = sourcecode.swift; path = WaitingView.swift; sourceTree = "<group>"; };
		314E84EB24BCA1FD00A6D492 /* TimerView.swift */ = {isa = PBXFileReference; lastKnownFileType = sourcecode.swift; path = TimerView.swift; sourceTree = "<group>"; };
		314E84ED24BCA29600A6D492 /* StudyFrameView.swift */ = {isa = PBXFileReference; lastKnownFileType = sourcecode.swift; path = StudyFrameView.swift; sourceTree = "<group>"; };
		314E84F724BCBC9A00A6D492 /* WaitingStudyContentView.swift */ = {isa = PBXFileReference; lastKnownFileType = sourcecode.swift; path = WaitingStudyContentView.swift; sourceTree = "<group>"; };
		314E84F924BCD24A00A6D492 /* InProcessStudyVC.swift */ = {isa = PBXFileReference; lastKnownFileType = sourcecode.swift; path = InProcessStudyVC.swift; sourceTree = "<group>"; };
		314E84FD24BCD2DA00A6D492 /* InProcessView.swift */ = {isa = PBXFileReference; lastKnownFileType = sourcecode.swift; path = InProcessView.swift; sourceTree = "<group>"; };
		314E84FF24BCD3BE00A6D492 /* StudyPlayerView.swift */ = {isa = PBXFileReference; lastKnownFileType = sourcecode.swift; path = StudyPlayerView.swift; sourceTree = "<group>"; };
		314E850124BCD69500A6D492 /* PlayerInformationView.swift */ = {isa = PBXFileReference; lastKnownFileType = sourcecode.swift; path = PlayerInformationView.swift; sourceTree = "<group>"; };
		314E850324BCD7A600A6D492 /* PlayerProgressView.swift */ = {isa = PBXFileReference; lastKnownFileType = sourcecode.swift; path = PlayerProgressView.swift; sourceTree = "<group>"; };
		314E850524BCD8EE00A6D492 /* DoubleExtension.swift */ = {isa = PBXFileReference; lastKnownFileType = sourcecode.swift; name = DoubleExtension.swift; path = Fastcampus/Extension/DoubleExtension.swift; sourceTree = SOURCE_ROOT; };
		316C502C24BE124000D7F59A /* SODA_1594647376.MP4 */ = {isa = PBXFileReference; lastKnownFileType = file; path = SODA_1594647376.MP4; sourceTree = "<group>"; };
		316C502D24BE129500D7F59A /* test.mov */ = {isa = PBXFileReference; lastKnownFileType = video.quicktime; path = test.mov; sourceTree = "<group>"; };
		4F5329C424BC0D4D00CB5181 /* GoogleService-Info.plist */ = {isa = PBXFileReference; fileEncoding = 4; lastKnownFileType = text.plist.xml; path = "GoogleService-Info.plist"; sourceTree = "<group>"; };
		4F8838F924BEB0A7009EF09A /* StudyConfigureVC.swift */ = {isa = PBXFileReference; lastKnownFileType = sourcecode.swift; path = StudyConfigureVC.swift; sourceTree = "<group>"; };
		4F8838FB24BEB0DB009EF09A /* StudyConfigureView.swift */ = {isa = PBXFileReference; lastKnownFileType = sourcecode.swift; path = StudyConfigureView.swift; sourceTree = "<group>"; };
		4FB756CD24BBFE5E0035BD5B /* Fastcampus.app */ = {isa = PBXFileReference; explicitFileType = wrapper.application; includeInIndex = 0; path = Fastcampus.app; sourceTree = BUILT_PRODUCTS_DIR; };
		4FB756D024BBFE5E0035BD5B /* AppDelegate.swift */ = {isa = PBXFileReference; lastKnownFileType = sourcecode.swift; path = AppDelegate.swift; sourceTree = "<group>"; };
		4FB756D424BBFE5E0035BD5B /* MainVC.swift */ = {isa = PBXFileReference; lastKnownFileType = sourcecode.swift; path = MainVC.swift; sourceTree = "<group>"; };
		4FB756D924BBFE5E0035BD5B /* Assets.xcassets */ = {isa = PBXFileReference; lastKnownFileType = folder.assetcatalog; path = Assets.xcassets; sourceTree = "<group>"; };
		4FB756DC24BBFE5E0035BD5B /* Base */ = {isa = PBXFileReference; lastKnownFileType = file.storyboard; name = Base; path = Base.lproj/LaunchScreen.storyboard; sourceTree = "<group>"; };
		4FB756DE24BBFE5E0035BD5B /* Info.plist */ = {isa = PBXFileReference; lastKnownFileType = text.plist.xml; path = Info.plist; sourceTree = "<group>"; };
		6D620C247C720290D86C8893 /* Pods-Fastcampus.release.xcconfig */ = {isa = PBXFileReference; includeInIndex = 1; lastKnownFileType = text.xcconfig; name = "Pods-Fastcampus.release.xcconfig"; path = "Target Support Files/Pods-Fastcampus/Pods-Fastcampus.release.xcconfig"; sourceTree = "<group>"; };
		8CB106B0C03588AC2F402DA2 /* Pods_Fastcampus.framework */ = {isa = PBXFileReference; explicitFileType = wrapper.framework; includeInIndex = 0; path = Pods_Fastcampus.framework; sourceTree = BUILT_PRODUCTS_DIR; };
		A917C66ED4E895A9EED20662 /* Pods-Fastcampus.debug.xcconfig */ = {isa = PBXFileReference; includeInIndex = 1; lastKnownFileType = text.xcconfig; name = "Pods-Fastcampus.debug.xcconfig"; path = "Target Support Files/Pods-Fastcampus/Pods-Fastcampus.debug.xcconfig"; sourceTree = "<group>"; };
		CF29217524BC053B001318CB /* ViewController.swift */ = {isa = PBXFileReference; lastKnownFileType = sourcecode.swift; path = ViewController.swift; sourceTree = "<group>"; };
		CF29217724BC056C001318CB /* View.swift */ = {isa = PBXFileReference; lastKnownFileType = sourcecode.swift; path = View.swift; sourceTree = "<group>"; };
		CF29217924BC05C7001318CB /* SampleView.swift */ = {isa = PBXFileReference; lastKnownFileType = sourcecode.swift; path = SampleView.swift; sourceTree = "<group>"; };
		CFE3C9A624BC6482009E8E2F /* MainCell.swift */ = {isa = PBXFileReference; lastKnownFileType = sourcecode.swift; path = MainCell.swift; sourceTree = "<group>"; };
		CFE3C9A824BC6603009E8E2F /* Lecture.swift */ = {isa = PBXFileReference; lastKnownFileType = sourcecode.swift; path = Lecture.swift; sourceTree = "<group>"; };
		CFE3C9AA24BC660E009E8E2F /* User.swift */ = {isa = PBXFileReference; lastKnownFileType = sourcecode.swift; path = User.swift; sourceTree = "<group>"; };
		CFE3C9AC24BC6CAF009E8E2F /* SampleVC.swift */ = {isa = PBXFileReference; lastKnownFileType = sourcecode.swift; path = SampleVC.swift; sourceTree = "<group>"; };
/* End PBXFileReference section */

/* Begin PBXFrameworksBuildPhase section */
		4FB756CA24BBFE5E0035BD5B /* Frameworks */ = {
			isa = PBXFrameworksBuildPhase;
			buildActionMask = 2147483647;
			files = (
				102EF4C3E448C56051ADCE3B /* Pods_Fastcampus.framework in Frameworks */,
			);
			runOnlyForDeploymentPostprocessing = 0;
		};
/* End PBXFrameworksBuildPhase section */

/* Begin PBXGroup section */
		314E84E324BC9CA100A6D492 /* Resource */ = {
			isa = PBXGroup;
			children = (
				316C502D24BE129500D7F59A /* test.mov */,
				316C502C24BE124000D7F59A /* SODA_1594647376.MP4 */,
			);
			path = Resource;
			sourceTree = "<group>";
		};
		314E84E524BC9DC600A6D492 /* Study */ = {
			isa = PBXGroup;
			children = (
				314E84E724BCA03A00A6D492 /* WaitingStudyVC.swift */,
				314E84F924BCD24A00A6D492 /* InProcessStudyVC.swift */,
				4F8838F924BEB0A7009EF09A /* StudyConfigureVC.swift */,
			);
			path = Study;
			sourceTree = "<group>";
		};
		314E84E624BC9FA600A6D492 /* Study */ = {
			isa = PBXGroup;
			children = (
				4F8838FB24BEB0DB009EF09A /* StudyConfigureView.swift */,
				314E84FC24BCD2B100A6D492 /* InProcess */,
				314E84FB24BCD29800A6D492 /* Waiting */,
				314E84ED24BCA29600A6D492 /* StudyFrameView.swift */,
			);
			path = Study;
			sourceTree = "<group>";
		};
		314E84FB24BCD29800A6D492 /* Waiting */ = {
			isa = PBXGroup;
			children = (
				314E84E924BCA07800A6D492 /* WaitingView.swift */,
				314E84EB24BCA1FD00A6D492 /* TimerView.swift */,
				314E84F724BCBC9A00A6D492 /* WaitingStudyContentView.swift */,
			);
			path = Waiting;
			sourceTree = "<group>";
		};
		314E84FC24BCD2B100A6D492 /* InProcess */ = {
			isa = PBXGroup;
			children = (
				314E84FD24BCD2DA00A6D492 /* InProcessView.swift */,
				314E84FF24BCD3BE00A6D492 /* StudyPlayerView.swift */,
				314E850324BCD7A600A6D492 /* PlayerProgressView.swift */,
				314E850124BCD69500A6D492 /* PlayerInformationView.swift */,
			);
			path = InProcess;
			sourceTree = "<group>";
		};
		314E850824BCDAF700A6D492 /* Extension */ = {
			isa = PBXGroup;
			children = (
				314E850524BCD8EE00A6D492 /* DoubleExtension.swift */,
			);
			path = Extension;
			sourceTree = "<group>";
		};
		316C502724BE03BA00D7F59A /* Service */ = {
			isa = PBXGroup;
			children = (
			);
			path = Service;
			sourceTree = "<group>";
		};
		4FB756C424BBFE5E0035BD5B = {
			isa = PBXGroup;
			children = (
				4FB756CF24BBFE5E0035BD5B /* Fastcampus */,
				4FB756CE24BBFE5E0035BD5B /* Products */,
				F42D7A9209A172A917A3840F /* Pods */,
				E4C77A2DA7BD6AC208EB2B5A /* Frameworks */,
			);
			sourceTree = "<group>";
		};
		4FB756CE24BBFE5E0035BD5B /* Products */ = {
			isa = PBXGroup;
			children = (
				4FB756CD24BBFE5E0035BD5B /* Fastcampus.app */,
			);
			name = Products;
			sourceTree = "<group>";
		};
		4FB756CF24BBFE5E0035BD5B /* Fastcampus */ = {
			isa = PBXGroup;
			children = (
				4FB756D024BBFE5E0035BD5B /* AppDelegate.swift */,
				316C502724BE03BA00D7F59A /* Service */,
				314E850824BCDAF700A6D492 /* Extension */,
				314E84E324BC9CA100A6D492 /* Resource */,
				CF29217424BC0521001318CB /* Classes */,
				CF29217224BC0512001318CB /* ViewControllers */,
				CF29217124BC050D001318CB /* Views */,
				CF29217024BC0509001318CB /* Cells */,
				CF29216F24BC0503001318CB /* Models */,
				4FB756D924BBFE5E0035BD5B /* Assets.xcassets */,
				4FB756DB24BBFE5E0035BD5B /* LaunchScreen.storyboard */,
				4F5329C424BC0D4D00CB5181 /* GoogleService-Info.plist */,
				4FB756DE24BBFE5E0035BD5B /* Info.plist */,
			);
			path = Fastcampus;
			sourceTree = "<group>";
		};
		CF29216F24BC0503001318CB /* Models */ = {
			isa = PBXGroup;
			children = (
				CFE3C9A824BC6603009E8E2F /* Lecture.swift */,
				CFE3C9AA24BC660E009E8E2F /* User.swift */,
				314E84E124BC8A7400A6D492 /* Study.swift */,
			);
			path = Models;
			sourceTree = "<group>";
		};
		CF29217024BC0509001318CB /* Cells */ = {
			isa = PBXGroup;
			children = (
				CFE3C9A624BC6482009E8E2F /* MainCell.swift */,
			);
			path = Cells;
			sourceTree = "<group>";
		};
		CF29217124BC050D001318CB /* Views */ = {
			isa = PBXGroup;
			children = (
				314E84E624BC9FA600A6D492 /* Study */,
				CF29217924BC05C7001318CB /* SampleView.swift */,
			);
			path = Views;
			sourceTree = "<group>";
		};
		CF29217224BC0512001318CB /* ViewControllers */ = {
			isa = PBXGroup;
			children = (
				314E84E524BC9DC600A6D492 /* Study */,
				CFE3C9AC24BC6CAF009E8E2F /* SampleVC.swift */,
				4FB756D424BBFE5E0035BD5B /* MainVC.swift */,
			);
			path = ViewControllers;
			sourceTree = "<group>";
		};
		CF29217424BC0521001318CB /* Classes */ = {
			isa = PBXGroup;
			children = (
				CF29217524BC053B001318CB /* ViewController.swift */,
				CF29217724BC056C001318CB /* View.swift */,
			);
			path = Classes;
			sourceTree = "<group>";
		};
		E4C77A2DA7BD6AC208EB2B5A /* Frameworks */ = {
			isa = PBXGroup;
			children = (
				8CB106B0C03588AC2F402DA2 /* Pods_Fastcampus.framework */,
			);
			name = Frameworks;
			sourceTree = "<group>";
		};
		F42D7A9209A172A917A3840F /* Pods */ = {
			isa = PBXGroup;
			children = (
				A917C66ED4E895A9EED20662 /* Pods-Fastcampus.debug.xcconfig */,
				6D620C247C720290D86C8893 /* Pods-Fastcampus.release.xcconfig */,
			);
			path = Pods;
			sourceTree = "<group>";
		};
/* End PBXGroup section */

/* Begin PBXNativeTarget section */
		4FB756CC24BBFE5E0035BD5B /* Fastcampus */ = {
			isa = PBXNativeTarget;
			buildConfigurationList = 4FB756E124BBFE5E0035BD5B /* Build configuration list for PBXNativeTarget "Fastcampus" */;
			buildPhases = (
				C88FC3C36D3A4D57CC6BDB44 /* [CP] Check Pods Manifest.lock */,
				4FB756C924BBFE5E0035BD5B /* Sources */,
				4FB756CA24BBFE5E0035BD5B /* Frameworks */,
				4FB756CB24BBFE5E0035BD5B /* Resources */,
				88A893B925EC171B424D7F1B /* [CP] Embed Pods Frameworks */,
			);
			buildRules = (
			);
			dependencies = (
			);
			name = Fastcampus;
			productName = Fastcampus;
			productReference = 4FB756CD24BBFE5E0035BD5B /* Fastcampus.app */;
			productType = "com.apple.product-type.application";
		};
/* End PBXNativeTarget section */

/* Begin PBXProject section */
		4FB756C524BBFE5E0035BD5B /* Project object */ = {
			isa = PBXProject;
			attributes = {
				LastSwiftUpdateCheck = 1150;
				LastUpgradeCheck = 1150;
				ORGANIZATIONNAME = Kira;
				TargetAttributes = {
					4FB756CC24BBFE5E0035BD5B = {
						CreatedOnToolsVersion = 11.5;
					};
				};
			};
			buildConfigurationList = 4FB756C824BBFE5E0035BD5B /* Build configuration list for PBXProject "Fastcampus" */;
			compatibilityVersion = "Xcode 9.3";
			developmentRegion = en;
			hasScannedForEncodings = 0;
			knownRegions = (
				en,
				Base,
			);
			mainGroup = 4FB756C424BBFE5E0035BD5B;
			productRefGroup = 4FB756CE24BBFE5E0035BD5B /* Products */;
			projectDirPath = "";
			projectRoot = "";
			targets = (
				4FB756CC24BBFE5E0035BD5B /* Fastcampus */,
			);
		};
/* End PBXProject section */

/* Begin PBXResourcesBuildPhase section */
		4FB756CB24BBFE5E0035BD5B /* Resources */ = {
			isa = PBXResourcesBuildPhase;
			buildActionMask = 2147483647;
			files = (
				316C502F24BE169300D7F59A /* SODA_1594647376.MP4 in Resources */,
				316C502E24BE129500D7F59A /* test.mov in Resources */,
				4FB756DD24BBFE5E0035BD5B /* LaunchScreen.storyboard in Resources */,
				4FB756DA24BBFE5E0035BD5B /* Assets.xcassets in Resources */,
				4F5329C524BC0D4D00CB5181 /* GoogleService-Info.plist in Resources */,
			);
			runOnlyForDeploymentPostprocessing = 0;
		};
/* End PBXResourcesBuildPhase section */

/* Begin PBXShellScriptBuildPhase section */
		88A893B925EC171B424D7F1B /* [CP] Embed Pods Frameworks */ = {
			isa = PBXShellScriptBuildPhase;
			buildActionMask = 2147483647;
			files = (
			);
			inputFileListPaths = (
				"${PODS_ROOT}/Target Support Files/Pods-Fastcampus/Pods-Fastcampus-frameworks-${CONFIGURATION}-input-files.xcfilelist",
			);
			name = "[CP] Embed Pods Frameworks";
			outputFileListPaths = (
				"${PODS_ROOT}/Target Support Files/Pods-Fastcampus/Pods-Fastcampus-frameworks-${CONFIGURATION}-output-files.xcfilelist",
			);
			runOnlyForDeploymentPostprocessing = 0;
			shellPath = /bin/sh;
			shellScript = "\"${PODS_ROOT}/Target Support Files/Pods-Fastcampus/Pods-Fastcampus-frameworks.sh\"\n";
			showEnvVarsInLog = 0;
		};
		C88FC3C36D3A4D57CC6BDB44 /* [CP] Check Pods Manifest.lock */ = {
			isa = PBXShellScriptBuildPhase;
			buildActionMask = 2147483647;
			files = (
			);
			inputFileListPaths = (
			);
			inputPaths = (
				"${PODS_PODFILE_DIR_PATH}/Podfile.lock",
				"${PODS_ROOT}/Manifest.lock",
			);
			name = "[CP] Check Pods Manifest.lock";
			outputFileListPaths = (
			);
			outputPaths = (
				"$(DERIVED_FILE_DIR)/Pods-Fastcampus-checkManifestLockResult.txt",
			);
			runOnlyForDeploymentPostprocessing = 0;
			shellPath = /bin/sh;
			shellScript = "diff \"${PODS_PODFILE_DIR_PATH}/Podfile.lock\" \"${PODS_ROOT}/Manifest.lock\" > /dev/null\nif [ $? != 0 ] ; then\n    # print error to STDERR\n    echo \"error: The sandbox is not in sync with the Podfile.lock. Run 'pod install' or update your CocoaPods installation.\" >&2\n    exit 1\nfi\n# This output is used by Xcode 'outputs' to avoid re-running this script phase.\necho \"SUCCESS\" > \"${SCRIPT_OUTPUT_FILE_0}\"\n";
			showEnvVarsInLog = 0;
		};
/* End PBXShellScriptBuildPhase section */

/* Begin PBXSourcesBuildPhase section */
		4FB756C924BBFE5E0035BD5B /* Sources */ = {
			isa = PBXSourcesBuildPhase;
			buildActionMask = 2147483647;
			files = (
				314E84E824BCA03A00A6D492 /* WaitingStudyVC.swift in Sources */,
				CF29217824BC056C001318CB /* View.swift in Sources */,
				314E84EA24BCA07800A6D492 /* WaitingView.swift in Sources */,
				CF29217624BC053B001318CB /* ViewController.swift in Sources */,
				314E850424BCD7A600A6D492 /* PlayerProgressView.swift in Sources */,
				CFE3C9AD24BC6CAF009E8E2F /* SampleVC.swift in Sources */,
				314E850224BCD69500A6D492 /* PlayerInformationView.swift in Sources */,
				314E84F824BCBC9A00A6D492 /* WaitingStudyContentView.swift in Sources */,
				314E84EC24BCA1FD00A6D492 /* TimerView.swift in Sources */,
				CFE3C9A724BC6482009E8E2F /* MainCell.swift in Sources */,
				4FB756D524BBFE5E0035BD5B /* MainVC.swift in Sources */,
				314E84FA24BCD24A00A6D492 /* InProcessStudyVC.swift in Sources */,
				314E850624BCD8EE00A6D492 /* DoubleExtension.swift in Sources */,
				4F8838FC24BEB0DB009EF09A /* StudyConfigureView.swift in Sources */,
				314E84EE24BCA29600A6D492 /* StudyFrameView.swift in Sources */,
				314E850024BCD3BE00A6D492 /* StudyPlayerView.swift in Sources */,
				314E84E224BC8A7400A6D492 /* Study.swift in Sources */,
				CFE3C9AB24BC660E009E8E2F /* User.swift in Sources */,
				314E84FE24BCD2DA00A6D492 /* InProcessView.swift in Sources */,
				4F8838FA24BEB0A7009EF09A /* StudyConfigureVC.swift in Sources */,
				CFE3C9A924BC6603009E8E2F /* Lecture.swift in Sources */,
				CF29217A24BC05C7001318CB /* SampleView.swift in Sources */,
				4FB756D124BBFE5E0035BD5B /* AppDelegate.swift in Sources */,
			);
			runOnlyForDeploymentPostprocessing = 0;
		};
/* End PBXSourcesBuildPhase section */

/* Begin PBXVariantGroup section */
		4FB756DB24BBFE5E0035BD5B /* LaunchScreen.storyboard */ = {
			isa = PBXVariantGroup;
			children = (
				4FB756DC24BBFE5E0035BD5B /* Base */,
			);
			name = LaunchScreen.storyboard;
			sourceTree = "<group>";
		};
/* End PBXVariantGroup section */

/* Begin XCBuildConfiguration section */
		4FB756DF24BBFE5E0035BD5B /* Debug */ = {
			isa = XCBuildConfiguration;
			buildSettings = {
				ALWAYS_SEARCH_USER_PATHS = NO;
				CLANG_ANALYZER_NONNULL = YES;
				CLANG_ANALYZER_NUMBER_OBJECT_CONVERSION = YES_AGGRESSIVE;
				CLANG_CXX_LANGUAGE_STANDARD = "gnu++14";
				CLANG_CXX_LIBRARY = "libc++";
				CLANG_ENABLE_MODULES = YES;
				CLANG_ENABLE_OBJC_ARC = YES;
				CLANG_ENABLE_OBJC_WEAK = YES;
				CLANG_WARN_BLOCK_CAPTURE_AUTORELEASING = YES;
				CLANG_WARN_BOOL_CONVERSION = YES;
				CLANG_WARN_COMMA = YES;
				CLANG_WARN_CONSTANT_CONVERSION = YES;
				CLANG_WARN_DEPRECATED_OBJC_IMPLEMENTATIONS = YES;
				CLANG_WARN_DIRECT_OBJC_ISA_USAGE = YES_ERROR;
				CLANG_WARN_DOCUMENTATION_COMMENTS = YES;
				CLANG_WARN_EMPTY_BODY = YES;
				CLANG_WARN_ENUM_CONVERSION = YES;
				CLANG_WARN_INFINITE_RECURSION = YES;
				CLANG_WARN_INT_CONVERSION = YES;
				CLANG_WARN_NON_LITERAL_NULL_CONVERSION = YES;
				CLANG_WARN_OBJC_IMPLICIT_RETAIN_SELF = YES;
				CLANG_WARN_OBJC_LITERAL_CONVERSION = YES;
				CLANG_WARN_OBJC_ROOT_CLASS = YES_ERROR;
				CLANG_WARN_RANGE_LOOP_ANALYSIS = YES;
				CLANG_WARN_STRICT_PROTOTYPES = YES;
				CLANG_WARN_SUSPICIOUS_MOVE = YES;
				CLANG_WARN_UNGUARDED_AVAILABILITY = YES_AGGRESSIVE;
				CLANG_WARN_UNREACHABLE_CODE = YES;
				CLANG_WARN__DUPLICATE_METHOD_MATCH = YES;
				COPY_PHASE_STRIP = NO;
				DEBUG_INFORMATION_FORMAT = dwarf;
				ENABLE_STRICT_OBJC_MSGSEND = YES;
				ENABLE_TESTABILITY = YES;
				GCC_C_LANGUAGE_STANDARD = gnu11;
				GCC_DYNAMIC_NO_PIC = NO;
				GCC_NO_COMMON_BLOCKS = YES;
				GCC_OPTIMIZATION_LEVEL = 0;
				GCC_PREPROCESSOR_DEFINITIONS = (
					"DEBUG=1",
					"$(inherited)",
				);
				GCC_WARN_64_TO_32_BIT_CONVERSION = YES;
				GCC_WARN_ABOUT_RETURN_TYPE = YES_ERROR;
				GCC_WARN_UNDECLARED_SELECTOR = YES;
				GCC_WARN_UNINITIALIZED_AUTOS = YES_AGGRESSIVE;
				GCC_WARN_UNUSED_FUNCTION = YES;
				GCC_WARN_UNUSED_VARIABLE = YES;
				IPHONEOS_DEPLOYMENT_TARGET = 13.0;
				MTL_ENABLE_DEBUG_INFO = INCLUDE_SOURCE;
				MTL_FAST_MATH = YES;
				ONLY_ACTIVE_ARCH = YES;
				SDKROOT = iphoneos;
				SWIFT_ACTIVE_COMPILATION_CONDITIONS = DEBUG;
				SWIFT_OPTIMIZATION_LEVEL = "-Onone";
			};
			name = Debug;
		};
		4FB756E024BBFE5E0035BD5B /* Release */ = {
			isa = XCBuildConfiguration;
			buildSettings = {
				ALWAYS_SEARCH_USER_PATHS = NO;
				CLANG_ANALYZER_NONNULL = YES;
				CLANG_ANALYZER_NUMBER_OBJECT_CONVERSION = YES_AGGRESSIVE;
				CLANG_CXX_LANGUAGE_STANDARD = "gnu++14";
				CLANG_CXX_LIBRARY = "libc++";
				CLANG_ENABLE_MODULES = YES;
				CLANG_ENABLE_OBJC_ARC = YES;
				CLANG_ENABLE_OBJC_WEAK = YES;
				CLANG_WARN_BLOCK_CAPTURE_AUTORELEASING = YES;
				CLANG_WARN_BOOL_CONVERSION = YES;
				CLANG_WARN_COMMA = YES;
				CLANG_WARN_CONSTANT_CONVERSION = YES;
				CLANG_WARN_DEPRECATED_OBJC_IMPLEMENTATIONS = YES;
				CLANG_WARN_DIRECT_OBJC_ISA_USAGE = YES_ERROR;
				CLANG_WARN_DOCUMENTATION_COMMENTS = YES;
				CLANG_WARN_EMPTY_BODY = YES;
				CLANG_WARN_ENUM_CONVERSION = YES;
				CLANG_WARN_INFINITE_RECURSION = YES;
				CLANG_WARN_INT_CONVERSION = YES;
				CLANG_WARN_NON_LITERAL_NULL_CONVERSION = YES;
				CLANG_WARN_OBJC_IMPLICIT_RETAIN_SELF = YES;
				CLANG_WARN_OBJC_LITERAL_CONVERSION = YES;
				CLANG_WARN_OBJC_ROOT_CLASS = YES_ERROR;
				CLANG_WARN_RANGE_LOOP_ANALYSIS = YES;
				CLANG_WARN_STRICT_PROTOTYPES = YES;
				CLANG_WARN_SUSPICIOUS_MOVE = YES;
				CLANG_WARN_UNGUARDED_AVAILABILITY = YES_AGGRESSIVE;
				CLANG_WARN_UNREACHABLE_CODE = YES;
				CLANG_WARN__DUPLICATE_METHOD_MATCH = YES;
				COPY_PHASE_STRIP = NO;
				DEBUG_INFORMATION_FORMAT = "dwarf-with-dsym";
				ENABLE_NS_ASSERTIONS = NO;
				ENABLE_STRICT_OBJC_MSGSEND = YES;
				GCC_C_LANGUAGE_STANDARD = gnu11;
				GCC_NO_COMMON_BLOCKS = YES;
				GCC_WARN_64_TO_32_BIT_CONVERSION = YES;
				GCC_WARN_ABOUT_RETURN_TYPE = YES_ERROR;
				GCC_WARN_UNDECLARED_SELECTOR = YES;
				GCC_WARN_UNINITIALIZED_AUTOS = YES_AGGRESSIVE;
				GCC_WARN_UNUSED_FUNCTION = YES;
				GCC_WARN_UNUSED_VARIABLE = YES;
				IPHONEOS_DEPLOYMENT_TARGET = 13.0;
				MTL_ENABLE_DEBUG_INFO = NO;
				MTL_FAST_MATH = YES;
				SDKROOT = iphoneos;
				SWIFT_COMPILATION_MODE = wholemodule;
				SWIFT_OPTIMIZATION_LEVEL = "-O";
				VALIDATE_PRODUCT = YES;
			};
			name = Release;
		};
		4FB756E224BBFE5E0035BD5B /* Debug */ = {
			isa = XCBuildConfiguration;
			baseConfigurationReference = A917C66ED4E895A9EED20662 /* Pods-Fastcampus.debug.xcconfig */;
			buildSettings = {
				ASSETCATALOG_COMPILER_APPICON_NAME = AppIcon;
				CODE_SIGN_STYLE = Automatic;
				DEVELOPMENT_TEAM = "";
				INFOPLIST_FILE = Fastcampus/Info.plist;
				IPHONEOS_DEPLOYMENT_TARGET = 13.0;
				LD_RUNPATH_SEARCH_PATHS = (
					"$(inherited)",
					"@executable_path/Frameworks",
				);
				PRODUCT_BUNDLE_IDENTIFIER = com.TeamQED.Fastcampus;
				PRODUCT_NAME = "$(TARGET_NAME)";
				SWIFT_VERSION = 5.0;
				TARGETED_DEVICE_FAMILY = "1,2";
			};
			name = Debug;
		};
		4FB756E324BBFE5E0035BD5B /* Release */ = {
			isa = XCBuildConfiguration;
			baseConfigurationReference = 6D620C247C720290D86C8893 /* Pods-Fastcampus.release.xcconfig */;
			buildSettings = {
				ASSETCATALOG_COMPILER_APPICON_NAME = AppIcon;
				CODE_SIGN_STYLE = Automatic;
				DEVELOPMENT_TEAM = "";
				INFOPLIST_FILE = Fastcampus/Info.plist;
				IPHONEOS_DEPLOYMENT_TARGET = 13.0;
				LD_RUNPATH_SEARCH_PATHS = (
					"$(inherited)",
					"@executable_path/Frameworks",
				);
				PRODUCT_BUNDLE_IDENTIFIER = com.TeamQED.Fastcampus;
				PRODUCT_NAME = "$(TARGET_NAME)";
				SWIFT_VERSION = 5.0;
				TARGETED_DEVICE_FAMILY = "1,2";
			};
			name = Release;
		};
/* End XCBuildConfiguration section */

/* Begin XCConfigurationList section */
		4FB756C824BBFE5E0035BD5B /* Build configuration list for PBXProject "Fastcampus" */ = {
			isa = XCConfigurationList;
			buildConfigurations = (
				4FB756DF24BBFE5E0035BD5B /* Debug */,
				4FB756E024BBFE5E0035BD5B /* Release */,
			);
			defaultConfigurationIsVisible = 0;
			defaultConfigurationName = Release;
		};
		4FB756E124BBFE5E0035BD5B /* Build configuration list for PBXNativeTarget "Fastcampus" */ = {
			isa = XCConfigurationList;
			buildConfigurations = (
				4FB756E224BBFE5E0035BD5B /* Debug */,
				4FB756E324BBFE5E0035BD5B /* Release */,
			);
			defaultConfigurationIsVisible = 0;
			defaultConfigurationName = Release;
		};
/* End XCConfigurationList section */
	};
	rootObject = 4FB756C524BBFE5E0035BD5B /* Project object */;
}
